{
  "lockfile_version": "1",
  "packages": {
    "asdf-vm@latest": {
      "last_modified": "2024-07-07T07:43:47Z",
      "resolved": "github:NixOS/nixpkgs/b60793b86201040d9dee019a05089a9150d08b5b#asdf-vm",
      "source": "devbox-search",
      "version": "0.14.0",
      "systems": {
        "aarch64-darwin": {
          "outputs": [
            {
              "name": "out",
              "path": "/nix/store/qd51dw75gj93xv7m36jcd4j0w1962s5n-asdf-vm-0.14.0",
              "default": true
            }
          ],
          "store_path": "/nix/store/qd51dw75gj93xv7m36jcd4j0w1962s5n-asdf-vm-0.14.0"
        },
        "aarch64-linux": {
          "outputs": [
            {
              "name": "out",
              "path": "/nix/store/gmsd8r4s35xj1v6yqsqgd8j0rd9jsyzy-asdf-vm-0.14.0",
              "default": true
            }
          ],
          "store_path": "/nix/store/gmsd8r4s35xj1v6yqsqgd8j0rd9jsyzy-asdf-vm-0.14.0"
        },
        "x86_64-darwin": {
          "outputs": [
            {
              "name": "out",
              "path": "/nix/store/439h7y8ig6zzrkdihv5m51knay9kir17-asdf-vm-0.14.0",
              "default": true
            }
          ],
          "store_path": "/nix/store/439h7y8ig6zzrkdihv5m51knay9kir17-asdf-vm-0.14.0"
        },
        "x86_64-linux": {
          "outputs": [
            {
              "name": "out",
              "path": "/nix/store/r7j7av1sn4y5wgchcyspx91lli1z4dn0-asdf-vm-0.14.0",
              "default": true
            }
          ],
          "store_path": "/nix/store/r7j7av1sn4y5wgchcyspx91lli1z4dn0-asdf-vm-0.14.0"
        }
      }
    },
    "gh@latest": {
      "last_modified": "2024-07-07T07:43:47Z",
      "resolved": "github:NixOS/nixpkgs/b60793b86201040d9dee019a05089a9150d08b5b#gh",
      "source": "devbox-search",
      "version": "2.52.0",
      "systems": {
        "aarch64-darwin": {
          "outputs": [
            {
              "name": "out",
              "path": "/nix/store/zm5a4xn15xgnviyrhpirb77n1jdacbr7-gh-2.52.0",
              "default": true
            }
          ],
          "store_path": "/nix/store/zm5a4xn15xgnviyrhpirb77n1jdacbr7-gh-2.52.0"
        },
        "aarch64-linux": {
          "outputs": [
            {
              "name": "out",
              "path": "/nix/store/q9grlwxmd0wk0wj8x4qc7yfa9ry49q5w-gh-2.52.0",
              "default": true
            }
          ],
          "store_path": "/nix/store/q9grlwxmd0wk0wj8x4qc7yfa9ry49q5w-gh-2.52.0"
        },
        "x86_64-darwin": {
          "outputs": [
            {
              "name": "out",
              "path": "/nix/store/b66yiz3scn45by9svl3mnxghk0pxdicn-gh-2.52.0",
              "default": true
            }
          ],
          "store_path": "/nix/store/b66yiz3scn45by9svl3mnxghk0pxdicn-gh-2.52.0"
        },
        "x86_64-linux": {
          "outputs": [
            {
              "name": "out",
              "path": "/nix/store/ffr9qyck48hbq5i25zhrmz54s6kqi45v-gh-2.52.0",
              "default": true
            }
          ],
          "store_path": "/nix/store/ffr9qyck48hbq5i25zhrmz54s6kqi45v-gh-2.52.0"
        }
      }
    },
    "go-task@latest": {
      "last_modified": "2024-07-12T10:50:49Z",
      "resolved": "github:NixOS/nixpkgs/8b5a3d5a1d951344d683b442c0739010b80039db#go-task",
      "source": "devbox-search",
      "version": "3.38.0",
      "systems": {
        "aarch64-darwin": {
          "outputs": [
            {
              "name": "out",
              "path": "/nix/store/4clgrxd19h07x7sy45fb5mj3qkshmvy1-go-task-3.38.0",
              "default": true
            }
          ],
          "store_path": "/nix/store/4clgrxd19h07x7sy45fb5mj3qkshmvy1-go-task-3.38.0"
        },
        "aarch64-linux": {
          "outputs": [
            {
              "name": "out",
              "path": "/nix/store/0icfyvbmfwnbfw1v9s5gv7l6fl1mc5g8-go-task-3.38.0",
              "default": true
            }
          ],
          "store_path": "/nix/store/0icfyvbmfwnbfw1v9s5gv7l6fl1mc5g8-go-task-3.38.0"
        },
        "x86_64-darwin": {
          "outputs": [
            {
              "name": "out",
              "path": "/nix/store/dw1h8gzlpsq0yxhvbi8fmks2j4sbljni-go-task-3.38.0",
              "default": true
            }
          ],
          "store_path": "/nix/store/dw1h8gzlpsq0yxhvbi8fmks2j4sbljni-go-task-3.38.0"
        },
        "x86_64-linux": {
          "outputs": [
            {
              "name": "out",
              "path": "/nix/store/6yg91y9vy4i0lxx24vn8f4gwp1vkiz1r-go-task-3.38.0",
              "default": true
            }
          ],
          "store_path": "/nix/store/6yg91y9vy4i0lxx24vn8f4gwp1vkiz1r-go-task-3.38.0"
        }
      }
    },
    "openssl@latest": {
      "last_modified": "2024-07-15T21:47:20Z",
      "resolved": "github:NixOS/nixpkgs/b2c1f10bfbb3f617ea8e8669ac13f3f56ceb2ea2#openssl",
      "source": "devbox-search",
      "version": "3.0.14",
      "systems": {
        "aarch64-darwin": {
          "outputs": [
            {
              "name": "bin",
              "path": "/nix/store/a8n5gngrqgalv42a4dj4cfvjzdnxm4ir-openssl-3.0.14-bin",
              "default": true
            },
            {
              "name": "man",
              "path": "/nix/store/mxbdpiw2aiwwqr4nagrfx784fz10c2rq-openssl-3.0.14-man",
              "default": true
            },
            {
              "name": "doc",
              "path": "/nix/store/52r0kgi0j84maf347mjjh158srqan2b1-openssl-3.0.14-doc"
            },
            {
              "name": "out",
              "path": "/nix/store/v8asmv9z7diqqfj8x8qcja73bqyklvaj-openssl-3.0.14"
            },
            {
              "name": "dev",
              "path": "/nix/store/7fwcz4y37jj6ms17yj9hwqbmhzjaxhj9-openssl-3.0.14-dev"
            }
          ],
          "store_path": "/nix/store/a8n5gngrqgalv42a4dj4cfvjzdnxm4ir-openssl-3.0.14-bin"
        },
        "aarch64-linux": {
          "outputs": [
            {
              "name": "bin",
              "path": "/nix/store/14rhbwlby3i656s1ym2dfx3p0zmhjvaz-openssl-3.0.14-bin",
              "default": true
            },
            {
              "name": "man",
              "path": "/nix/store/z3m8x476ajsnlyzw6v8mpplmkyiq0cfy-openssl-3.0.14-man",
              "default": true
            },
            {
              "name": "dev",
              "path": "/nix/store/46v6p7i5202q5sxr790609a97f5zfxp8-openssl-3.0.14-dev"
            },
            {
              "name": "doc",
              "path": "/nix/store/lsrcxq3fh1lnwa78lcgii9qk3f25wlif-openssl-3.0.14-doc"
            },
            {
              "name": "out",
              "path": "/nix/store/ksvhi1mad9g0gnkw065c40dhw4ajx1kq-openssl-3.0.14"
            },
            {
              "name": "debug",
              "path": "/nix/store/r7imjgjm88pgyhbv180ll5vrh5a627jz-openssl-3.0.14-debug"
            }
          ],
          "store_path": "/nix/store/14rhbwlby3i656s1ym2dfx3p0zmhjvaz-openssl-3.0.14-bin"
        },
        "x86_64-darwin": {
          "outputs": [
            {
              "name": "bin",
              "path": "/nix/store/mg931ddpb31qrwhyfd4agj9x0plcps8a-openssl-3.0.14-bin",
              "default": true
            },
            {
              "name": "man",
              "path": "/nix/store/cazz5x8jnx9s2dh28y0ivwnbzwwj49ys-openssl-3.0.14-man",
              "default": true
            },
            {
              "name": "out",
              "path": "/nix/store/my6mx7wia27hsz1syj5islaysdndn0nx-openssl-3.0.14"
            },
            {
              "name": "dev",
              "path": "/nix/store/xh1plxvqh8b1zqnwhi6zf7nxskmj3v57-openssl-3.0.14-dev"
            },
            {
              "name": "doc",
              "path": "/nix/store/0463xcyky1jgj6l3qmy27a1a6m7j0wjl-openssl-3.0.14-doc"
            }
          ],
          "store_path": "/nix/store/mg931ddpb31qrwhyfd4agj9x0plcps8a-openssl-3.0.14-bin"
        },
        "x86_64-linux": {
          "outputs": [
            {
              "name": "bin",
              "path": "/nix/store/ppfzl2wqzs7ljfj0dxypcvrhr9x6ka3f-openssl-3.0.14-bin",
              "default": true
            },
            {
              "name": "man",
              "path": "/nix/store/jj233vb30i2ip0sh66gjwnaiwhc922sc-openssl-3.0.14-man",
              "default": true
            },
            {
              "name": "debug",
              "path": "/nix/store/zljr676hsm18fm9kgwimlgd2f3bvfd2c-openssl-3.0.14-debug"
            },
            {
              "name": "dev",
              "path": "/nix/store/dp6821c0s4bbmmws3lc6nicz09lnjlgl-openssl-3.0.14-dev"
            },
            {
              "name": "doc",
              "path": "/nix/store/wd0mnx1vhf5qg99329fsh4sfmzg49bs3-openssl-3.0.14-doc"
            },
            {
              "name": "out",
              "path": "/nix/store/jv2p6cmx23ihj5y4r98wnn2nmv4qhfh5-openssl-3.0.14"
            }
          ],
          "store_path": "/nix/store/ppfzl2wqzs7ljfj0dxypcvrhr9x6ka3f-openssl-3.0.14-bin"
        }
      }
    },
    "poetry@latest": {
      "last_modified": "2024-07-07T07:43:47Z",
      "plugin_version": "0.0.4",
      "resolved": "github:NixOS/nixpkgs/b60793b86201040d9dee019a05089a9150d08b5b#poetry",
      "source": "devbox-search",
      "version": "1.8.3",
      "systems": {
        "aarch64-darwin": {
          "outputs": [
            {
              "name": "out",
              "path": "/nix/store/9fyqm2dvvfwp8vz6r9kz5h6cvhwwy654-python3.12-poetry-1.8.3",
              "default": true
            },
            {
              "name": "dist",
              "path": "/nix/store/kwip53fsb2law8c3bjlx65vblw458lkn-python3.12-poetry-1.8.3-dist"
            }
          ],
          "store_path": "/nix/store/9fyqm2dvvfwp8vz6r9kz5h6cvhwwy654-python3.12-poetry-1.8.3"
        },
        "aarch64-linux": {
          "outputs": [
            {
              "name": "out",
              "path": "/nix/store/wi5ypmf2avscbv1p7p501yf8fz6ir62j-python3.12-poetry-1.8.3",
              "default": true
            },
            {
              "name": "dist",
              "path": "/nix/store/gjwhzq3cylrahz21gnizk3bfbf61xwba-python3.12-poetry-1.8.3-dist"
            }
          ],
          "store_path": "/nix/store/wi5ypmf2avscbv1p7p501yf8fz6ir62j-python3.12-poetry-1.8.3"
        },
        "x86_64-darwin": {
          "outputs": [
            {
              "name": "out",
              "path": "/nix/store/afby0py6saza9ni7r8w8gm507plaqscf-python3.12-poetry-1.8.3",
              "default": true
            },
            {
              "name": "dist",
              "path": "/nix/store/3r3ivhbfdb5arzckfz5pinlfg61sdrr5-python3.12-poetry-1.8.3-dist"
            }
          ],
          "store_path": "/nix/store/afby0py6saza9ni7r8w8gm507plaqscf-python3.12-poetry-1.8.3"
        },
        "x86_64-linux": {
          "outputs": [
            {
              "name": "out",
              "path": "/nix/store/imynfb6n17lvwa5yyz16k9c4skhmjz1n-python3.12-poetry-1.8.3",
              "default": true
            },
            {
              "name": "dist",
              "path": "/nix/store/89jbjl4y50jqbwl958lmfc8l5qfcgsgg-python3.12-poetry-1.8.3-dist"
            }
          ],
          "store_path": "/nix/store/imynfb6n17lvwa5yyz16k9c4skhmjz1n-python3.12-poetry-1.8.3"
        }
      }
    },
    "python311Packages.pip@latest": {
      "last_modified": "2024-07-07T07:43:47Z",
      "plugin_version": "0.0.2",
      "resolved": "github:NixOS/nixpkgs/b60793b86201040d9dee019a05089a9150d08b5b#python311Packages.pip",
      "source": "devbox-search",
      "version": "24.0",
      "systems": {
        "aarch64-darwin": {
          "outputs": [
            {
              "name": "out",
              "path": "/nix/store/hkfys0bv2nc17p7mc8di6vm9vhmiwb0h-python3.11-pip-24.0",
              "default": true
            },
            {
              "name": "man",
              "path": "/nix/store/kw5sjhjhs3sq6z5kyj5m3v8vlc8ixnms-python3.11-pip-24.0-man",
              "default": true
            },
            {
              "name": "dist",
              "path": "/nix/store/hjmjbfd0n4pj7vhzmd685kg04lv1sw6p-python3.11-pip-24.0-dist"
            }
          ],
          "store_path": "/nix/store/hkfys0bv2nc17p7mc8di6vm9vhmiwb0h-python3.11-pip-24.0"
        },
        "aarch64-linux": {
          "outputs": [
            {
              "name": "out",
              "path": "/nix/store/xyfc6gpq66s21wmc72vb85cim04hvixp-python3.11-pip-24.0",
              "default": true
            },
            {
              "name": "man",
              "path": "/nix/store/5z42g34932lcs8pahbs6bf4g31facgfr-python3.11-pip-24.0-man",
              "default": true
            },
            {
              "name": "dist",
              "path": "/nix/store/1jq4nps17qi8fafsvn3kfcgvisrspvlf-python3.11-pip-24.0-dist"
            }
          ],
          "store_path": "/nix/store/xyfc6gpq66s21wmc72vb85cim04hvixp-python3.11-pip-24.0"
        },
        "x86_64-darwin": {
          "outputs": [
            {
              "name": "out",
              "path": "/nix/store/xhl0fh3sn7p1w3dixsvklxns25imq6n7-python3.11-pip-24.0",
              "default": true
            },
            {
              "name": "man",
              "path": "/nix/store/kxjjk23vz78smlqvnwcqwqv717s0971h-python3.11-pip-24.0-man",
              "default": true
            },
            {
              "name": "dist",
              "path": "/nix/store/fcgbfzi8yf9ygz4hr1jgdfrafc6w0nx8-python3.11-pip-24.0-dist"
            }
          ],
          "store_path": "/nix/store/xhl0fh3sn7p1w3dixsvklxns25imq6n7-python3.11-pip-24.0"
        },
        "x86_64-linux": {
          "outputs": [
            {
              "name": "out",
              "path": "/nix/store/ijjjmvv7fjaf1bp8llgkpa4h0cpjjkn0-python3.11-pip-24.0",
              "default": true
            },
            {
              "name": "man",
              "path": "/nix/store/1bk053g4vprcgmir11yci91k9fmaffa6-python3.11-pip-24.0-man",
              "default": true
            },
            {
              "name": "dist",
              "path": "/nix/store/ghzvf8anpipwqxijk8vagj8gv7ci4ac9-python3.11-pip-24.0-dist"
            }
          ],
          "store_path": "/nix/store/ijjjmvv7fjaf1bp8llgkpa4h0cpjjkn0-python3.11-pip-24.0"
        }
      }
    },
    "python@3.11.9": {
      "last_modified": "2024-06-12T20:55:33Z",
      "plugin_version": "0.0.3",
      "resolved": "github:NixOS/nixpkgs/a9858885e197f984d92d7fe64e9fff6b2e488d40#python3",
      "source": "devbox-search",
      "version": "3.11.9",
      "systems": {
        "aarch64-darwin": {
          "outputs": [
            {
              "name": "out",
              "path": "/nix/store/327bf08j5b7l9cnzink3g4vp32y5352j-python3-3.11.9",
              "default": true
            }
          ],
          "store_path": "/nix/store/327bf08j5b7l9cnzink3g4vp32y5352j-python3-3.11.9"
        },
        "aarch64-linux": {
          "outputs": [
            {
              "name": "out",
              "path": "/nix/store/q3x28mimkawkdjlvd78jxv3s0fk25vz8-python3-3.11.9",
              "default": true
            },
            {
              "name": "debug",
              "path": "/nix/store/kl8hjhf6x7dz7brs1ylkxy26qb8argaq-python3-3.11.9-debug"
            }
          ],
          "store_path": "/nix/store/q3x28mimkawkdjlvd78jxv3s0fk25vz8-python3-3.11.9"
        },
        "x86_64-darwin": {
          "outputs": [
            {
              "name": "out",
              "path": "/nix/store/9lcbaggnygcqpgzakib5lwisks8gnn5i-python3-3.11.9",
              "default": true
            }
          ],
          "store_path": "/nix/store/9lcbaggnygcqpgzakib5lwisks8gnn5i-python3-3.11.9"
        },
        "x86_64-linux": {
          "outputs": [
            {
              "name": "out",
              "path": "/nix/store/6b1fqdwb3g56j5pazv8zkx9qd0mv3wiz-python3-3.11.9",
              "default": true
            },
            {
              "name": "debug",
              "path": "/nix/store/61rzpp3v8dsf6h17h3jnnwlm5hwc2brr-python3-3.11.9-debug"
            }
          ],
          "store_path": "/nix/store/6b1fqdwb3g56j5pazv8zkx9qd0mv3wiz-python3-3.11.9"
        }
      }
    },
    "uv@latest": {
      "last_modified": "2024-07-08T12:07:05Z",
      "resolved": "github:NixOS/nixpkgs/2e45bfd5361ccdbebe45b68ae2021aea0078eb00#uv",
      "source": "devbox-search",
      "version": "0.2.22",
      "systems": {
        "aarch64-darwin": {
          "outputs": [
            {
              "name": "out",
              "path": "/nix/store/jx9kfdi1mc17w7g6qry5c3firp0qm9l2-uv-0.2.22",
              "default": true
            },
            {
              "name": "dist",
              "path": "/nix/store/4p52iz36myqk23v8b8d5nvqq82c8c7r5-uv-0.2.22-dist"
            }
          ],
          "store_path": "/nix/store/jx9kfdi1mc17w7g6qry5c3firp0qm9l2-uv-0.2.22"
        },
        "aarch64-linux": {
          "outputs": [
            {
              "name": "out",
              "path": "/nix/store/nb2r9yj6695x940pm8jqlm0ckmi1nczz-uv-0.2.22",
              "default": true
            },
            {
              "name": "dist",
              "path": "/nix/store/66fc65asbf1ijwi83cp2gww1yjfhjka2-uv-0.2.22-dist"
            }
          ],
          "store_path": "/nix/store/nb2r9yj6695x940pm8jqlm0ckmi1nczz-uv-0.2.22"
        },
        "x86_64-darwin": {
          "outputs": [
            {
              "name": "out",
              "path": "/nix/store/jc21qghibdbx632ijj6ywap487rq4ybd-uv-0.2.22",
              "default": true
            },
            {
              "name": "dist",
              "path": "/nix/store/23775vnqfwr4cgz89s5b6jp69q091xib-uv-0.2.22-dist"
            }
          ],
          "store_path": "/nix/store/jc21qghibdbx632ijj6ywap487rq4ybd-uv-0.2.22"
        },
        "x86_64-linux": {
          "outputs": [
            {
              "name": "out",
              "path": "/nix/store/59z395wn7mkmhyh4f35d5g32qh68fwzr-uv-0.2.22",
              "default": true
            },
            {
              "name": "dist",
              "path": "/nix/store/ql27paxg3bxkm2dh21j0qplrhjflz0zm-uv-0.2.22-dist"
            }
          ],
          "store_path": "/nix/store/59z395wn7mkmhyh4f35d5g32qh68fwzr-uv-0.2.22"
        }
      }
    }
  }
}
